
Microsoft Visual Studio Solution File, Format Version 12.00
# Visual Studio Version 16
VisualStudioVersion = 16.0.29926.136
MinimumVisualStudioVersion = 10.0.40219.1
Project("{888888A0-9F3D-457C-B088-3A5042F75D52}") = "MyWeiboSpider", "MyWeiboSpider\MyWeiboSpider.pyproj", "{C117D33A-22BA-40D2-BCBA-A398C8AEB562}"
EndProject
Global
	GlobalSection(SolutionConfigurationPlatforms) = preSolution
		Debug|Any CPU = Debug|Any CPU
		Release|Any CPU = Release|Any CPU
	EndGlobalSection
	GlobalSection(ProjectConfigurationPlatforms) = postSolution
		{C117D33A-22BA-40D2-BCBA-A398C8AEB562}.Debug|Any CPU.ActiveCfg = Debug|Any CPU
		{C117D33A-22BA-40D2-BCBA-A398C8AEB562}.Release|Any CPU.ActiveCfg = Release|Any CPU
	EndGlobalSection
	GlobalSection(SolutionProperties) = preSolution
		HideSolutionNode = FALSE
	EndGlobalSection
	GlobalSection(ExtensibilityGlobals) = postSolution
		SolutionGuid = {4428697D-F432-41E1-8744-EB3F1773E7AC}
	EndGlobalSection
EndGlobal
